
Microsoft Visual Studio Solution File, Format Version 12.00
# Visual Studio 14
VisualStudioVersion = 14.0.24720.0
MinimumVisualStudioVersion = 10.0.40219.1
Project("{FAE04EC0-301F-11D3-BF4B-00C04F79EFBC}") = "Super Market - EAD Project", "Super Market - EAD Project\Super Market - EAD Project.csproj", "{2E46E7BD-F505-4594-B0A6-E21036A8A6C1}"
EndProject
Project("{FAE04EC0-301F-11D3-BF4B-00C04F79EFBC}") = "DataAccess", "DataAccess\DataAccess.csproj", "{5879B9F5-E11C-4180-8578-DBBD64C5158B}"
EndProject
Global
	GlobalSection(SolutionConfigurationPlatforms) = preSolution
		Debug|Any CPU = Debug|Any CPU
		Release|Any CPU = Release|Any CPU
	EndGlobalSection
	GlobalSection(ProjectConfigurationPlatforms) = postSolution
		{2E46E7BD-F505-4594-B0A6-E21036A8A6C1}.Debug|Any CPU.ActiveCfg = Debug|Any CPU
		{2E46E7BD-F505-4594-B0A6-E21036A8A6C1}.Debug|Any CPU.Build.0 = Debug|Any CPU
		{2E46E7BD-F505-4594-B0A6-E21036A8A6C1}.Release|Any CPU.ActiveCfg = Release|Any CPU
		{2E46E7BD-F505-4594-B0A6-E21036A8A6C1}.Release|Any CPU.Build.0 = Release|Any CPU
		{5879B9F5-E11C-4180-8578-DBBD64C5158B}.Debug|Any CPU.ActiveCfg = Debug|Any CPU
		{5879B9F5-E11C-4180-8578-DBBD64C5158B}.Debug|Any CPU.Build.0 = Debug|Any CPU
		{5879B9F5-E11C-4180-8578-DBBD64C5158B}.Release|Any CPU.ActiveCfg = Release|Any CPU
		{5879B9F5-E11C-4180-8578-DBBD64C5158B}.Release|Any CPU.Build.0 = Release|Any CPU
	EndGlobalSection
	GlobalSection(SolutionProperties) = preSolution
		HideSolutionNode = FALSE
	EndGlobalSection
EndGlobal
